dependencies:
  idf:
    source:
      type: idf
    version: 5.4.1
  jgromes/RadioLib:
    component_hash: 3baedfa4c97b2f9d97c8066f587ff425585f670bb22e8f039202a23924e94de7
    dependencies:
    - name: idf
      require: private
      version: '>=4.1'
    source:
      registry_url: https://components.espressif.com/
      type: service
    version: 7.6.0
direct_dependencies:
- jgromes/RadioLib
manifest_hash: aba1748d2aacdea965b4bbb8944c3641001aff9b04641138017b4a622ce72188
target: esp32c3
version: 2.0.0
